
Microsoft Visual Studio Solution File, Format Version 12.00
# Visual Studio 15
VisualStudioVersion = 15.0.27130.2036
MinimumVisualStudioVersion = 10.0.40219.1
Project("{2150E333-8FDC-42A3-9474-1A3956D46DE8}") = "Demo1", "Demo1", "{D3CBA0BB-B4FC-43FA-B2E2-23FCF1DFD6BE}"
EndProject
Project("{FAE04EC0-301F-11D3-BF4B-00C04F79EFBC}") = "Demo1", "Demo1\Demo1.csproj", "{2231101B-8CE5-467C-BD12-E2E66AB7611C}"
EndProject
Project("{FAE04EC0-301F-11D3-BF4B-00C04F79EFBC}") = "Demo1Dll", "Demo1Dll\Demo1Dll.csproj", "{F9F661FD-827C-43B8-860F-68D1EB4B8C47}"
EndProject
Project("{2150E333-8FDC-42A3-9474-1A3956D46DE8}") = "Demo2", "Demo2", "{805C894F-052A-4CB5-B059-CB81F1343CFB}"
EndProject
Project("{FAE04EC0-301F-11D3-BF4B-00C04F79EFBC}") = "Demo2", "Demo2\Demo2.csproj", "{B4BBCA10-04FC-4CB4-98E1-9B2A25AA751B}"
EndProject
Project("{2150E333-8FDC-42A3-9474-1A3956D46DE8}") = "Demo3", "Demo3", "{39052A90-A44C-41F5-BBE3-0DBD92C98799}"
EndProject
Project("{FAE04EC0-301F-11D3-BF4B-00C04F79EFBC}") = "Demo3", "Demo3\Demo3.csproj", "{26608996-3297-4DAA-BAB9-69122C516913}"
EndProject
Project("{2150E333-8FDC-42A3-9474-1A3956D46DE8}") = "Demo4", "Demo4", "{C25368EC-58F2-46B9-AA9D-9229F5AF1CD3}"
EndProject
Project("{FAE04EC0-301F-11D3-BF4B-00C04F79EFBC}") = "Demo4", "Demo4\Demo4.csproj", "{2C834B05-A13A-4B1B-9288-FE7528F8784C}"
EndProject
Project("{2150E333-8FDC-42A3-9474-1A3956D46DE8}") = "Demo2.1", "Demo2.1", "{1AE50E6B-7DAE-47F1-AFF2-F335BA6052B5}"
EndProject
Project("{FAE04EC0-301F-11D3-BF4B-00C04F79EFBC}") = "Demo2.1", "Demo2.1\Demo2.1.csproj", "{DB562AF5-5BBD-450A-A112-3ECCF88B13D4}"
EndProject
Project("{2150E333-8FDC-42A3-9474-1A3956D46DE8}") = "Demo2.2", "Demo2.2", "{5DFB2DBA-2F86-4E45-AE2D-BC0289924C5C}"
EndProject
Project("{FAE04EC0-301F-11D3-BF4B-00C04F79EFBC}") = "Demo2.2", "Demo2.2\Demo2.2.csproj", "{53ACE322-0DDA-410C-B120-41C53846367B}"
EndProject
Project("{2150E333-8FDC-42A3-9474-1A3956D46DE8}") = "Demo2.3", "Demo2.3", "{7A07CACA-0D69-4486-B1FB-AD2DA0F83539}"
EndProject
Project("{FAE04EC0-301F-11D3-BF4B-00C04F79EFBC}") = "Demo2.3", "Demo2.3\Demo2.3.csproj", "{51B906C9-426E-49BE-9668-11CEFD3B277F}"
EndProject
Project("{FAE04EC0-301F-11D3-BF4B-00C04F79EFBC}") = "EqualsTest", "EqualsTest\EqualsTest.csproj", "{EFE1C02C-66E7-4296-B42C-9835233A5C92}"
EndProject
Global
	GlobalSection(SolutionConfigurationPlatforms) = preSolution
		Debug|Any CPU = Debug|Any CPU
		Release|Any CPU = Release|Any CPU
	EndGlobalSection
	GlobalSection(ProjectConfigurationPlatforms) = postSolution
		{2231101B-8CE5-467C-BD12-E2E66AB7611C}.Debug|Any CPU.ActiveCfg = Debug|Any CPU
		{2231101B-8CE5-467C-BD12-E2E66AB7611C}.Debug|Any CPU.Build.0 = Debug|Any CPU
		{2231101B-8CE5-467C-BD12-E2E66AB7611C}.Release|Any CPU.ActiveCfg = Release|Any CPU
		{2231101B-8CE5-467C-BD12-E2E66AB7611C}.Release|Any CPU.Build.0 = Release|Any CPU
		{F9F661FD-827C-43B8-860F-68D1EB4B8C47}.Debug|Any CPU.ActiveCfg = Debug|Any CPU
		{F9F661FD-827C-43B8-860F-68D1EB4B8C47}.Debug|Any CPU.Build.0 = Debug|Any CPU
		{F9F661FD-827C-43B8-860F-68D1EB4B8C47}.Release|Any CPU.ActiveCfg = Release|Any CPU
		{F9F661FD-827C-43B8-860F-68D1EB4B8C47}.Release|Any CPU.Build.0 = Release|Any CPU
		{B4BBCA10-04FC-4CB4-98E1-9B2A25AA751B}.Debug|Any CPU.ActiveCfg = Debug|Any CPU
		{B4BBCA10-04FC-4CB4-98E1-9B2A25AA751B}.Debug|Any CPU.Build.0 = Debug|Any CPU
		{B4BBCA10-04FC-4CB4-98E1-9B2A25AA751B}.Release|Any CPU.ActiveCfg = Release|Any CPU
		{B4BBCA10-04FC-4CB4-98E1-9B2A25AA751B}.Release|Any CPU.Build.0 = Release|Any CPU
		{26608996-3297-4DAA-BAB9-69122C516913}.Debug|Any CPU.ActiveCfg = Debug|Any CPU
		{26608996-3297-4DAA-BAB9-69122C516913}.Debug|Any CPU.Build.0 = Debug|Any CPU
		{26608996-3297-4DAA-BAB9-69122C516913}.Release|Any CPU.ActiveCfg = Release|Any CPU
		{26608996-3297-4DAA-BAB9-69122C516913}.Release|Any CPU.Build.0 = Release|Any CPU
		{2C834B05-A13A-4B1B-9288-FE7528F8784C}.Debug|Any CPU.ActiveCfg = Debug|Any CPU
		{2C834B05-A13A-4B1B-9288-FE7528F8784C}.Debug|Any CPU.Build.0 = Debug|Any CPU
		{2C834B05-A13A-4B1B-9288-FE7528F8784C}.Release|Any CPU.ActiveCfg = Release|Any CPU
		{2C834B05-A13A-4B1B-9288-FE7528F8784C}.Release|Any CPU.Build.0 = Release|Any CPU
		{DB562AF5-5BBD-450A-A112-3ECCF88B13D4}.Debug|Any CPU.ActiveCfg = Debug|Any CPU
		{DB562AF5-5BBD-450A-A112-3ECCF88B13D4}.Debug|Any CPU.Build.0 = Debug|Any CPU
		{DB562AF5-5BBD-450A-A112-3ECCF88B13D4}.Release|Any CPU.ActiveCfg = Release|Any CPU
		{DB562AF5-5BBD-450A-A112-3ECCF88B13D4}.Release|Any CPU.Build.0 = Release|Any CPU
		{53ACE322-0DDA-410C-B120-41C53846367B}.Debug|Any CPU.ActiveCfg = Debug|Any CPU
		{53ACE322-0DDA-410C-B120-41C53846367B}.Debug|Any CPU.Build.0 = Debug|Any CPU
		{53ACE322-0DDA-410C-B120-41C53846367B}.Release|Any CPU.ActiveCfg = Release|Any CPU
		{53ACE322-0DDA-410C-B120-41C53846367B}.Release|Any CPU.Build.0 = Release|Any CPU
		{51B906C9-426E-49BE-9668-11CEFD3B277F}.Debug|Any CPU.ActiveCfg = Debug|Any CPU
		{51B906C9-426E-49BE-9668-11CEFD3B277F}.Debug|Any CPU.Build.0 = Debug|Any CPU
		{51B906C9-426E-49BE-9668-11CEFD3B277F}.Release|Any CPU.ActiveCfg = Release|Any CPU
		{51B906C9-426E-49BE-9668-11CEFD3B277F}.Release|Any CPU.Build.0 = Release|Any CPU
		{EFE1C02C-66E7-4296-B42C-9835233A5C92}.Debug|Any CPU.ActiveCfg = Debug|Any CPU
		{EFE1C02C-66E7-4296-B42C-9835233A5C92}.Debug|Any CPU.Build.0 = Debug|Any CPU
		{EFE1C02C-66E7-4296-B42C-9835233A5C92}.Release|Any CPU.ActiveCfg = Release|Any CPU
		{EFE1C02C-66E7-4296-B42C-9835233A5C92}.Release|Any CPU.Build.0 = Release|Any CPU
	EndGlobalSection
	GlobalSection(SolutionProperties) = preSolution
		HideSolutionNode = FALSE
	EndGlobalSection
	GlobalSection(NestedProjects) = preSolution
		{2231101B-8CE5-467C-BD12-E2E66AB7611C} = {D3CBA0BB-B4FC-43FA-B2E2-23FCF1DFD6BE}
		{F9F661FD-827C-43B8-860F-68D1EB4B8C47} = {D3CBA0BB-B4FC-43FA-B2E2-23FCF1DFD6BE}
		{B4BBCA10-04FC-4CB4-98E1-9B2A25AA751B} = {805C894F-052A-4CB5-B059-CB81F1343CFB}
		{26608996-3297-4DAA-BAB9-69122C516913} = {39052A90-A44C-41F5-BBE3-0DBD92C98799}
		{2C834B05-A13A-4B1B-9288-FE7528F8784C} = {C25368EC-58F2-46B9-AA9D-9229F5AF1CD3}
		{DB562AF5-5BBD-450A-A112-3ECCF88B13D4} = {1AE50E6B-7DAE-47F1-AFF2-F335BA6052B5}
		{53ACE322-0DDA-410C-B120-41C53846367B} = {5DFB2DBA-2F86-4E45-AE2D-BC0289924C5C}
		{51B906C9-426E-49BE-9668-11CEFD3B277F} = {7A07CACA-0D69-4486-B1FB-AD2DA0F83539}
	EndGlobalSection
	GlobalSection(ExtensibilityGlobals) = postSolution
		SolutionGuid = {48BA345F-BA2D-4157-8391-EF2CF44AC5FC}
	EndGlobalSection
EndGlobal
